
Microsoft Visual Studio Solution File, Format Version 12.00
# Visual Studio Version 17
VisualStudioVersion = 17.2.32616.157
MinimumVisualStudioVersion = 10.0.40219.1
Project("{FAE04EC0-301F-11D3-BF4B-00C04F79EFBC}") = "iFinanceAPI", "iFinanceAPI\iFinanceAPI.csproj", "{DC8EB869-AAAD-45BC-9BD5-73A411202663}"
EndProject
Global
	GlobalSection(SolutionConfigurationPlatforms) = preSolution
		Debug|Any CPU = Debug|Any CPU
		Release|Any CPU = Release|Any CPU
	EndGlobalSection
	GlobalSection(ProjectConfigurationPlatforms) = postSolution
		{DC8EB869-AAAD-45BC-9BD5-73A411202663}.Debug|Any CPU.ActiveCfg = Debug|Any CPU
		{DC8EB869-AAAD-45BC-9BD5-73A411202663}.Debug|Any CPU.Build.0 = Debug|Any CPU
		{DC8EB869-AAAD-45BC-9BD5-73A411202663}.Release|Any CPU.ActiveCfg = Release|Any CPU
		{DC8EB869-AAAD-45BC-9BD5-73A411202663}.Release|Any CPU.Build.0 = Release|Any CPU
	EndGlobalSection
	GlobalSection(SolutionProperties) = preSolution
		HideSolutionNode = FALSE
	EndGlobalSection
	GlobalSection(ExtensibilityGlobals) = postSolution
		SolutionGuid = {6D2B2BDD-62D8-412E-84D7-1D40405C6F93}
	EndGlobalSection
EndGlobal
